
Microsoft Visual Studio Solution File, Format Version 12.00
# Visual Studio Version 17
VisualStudioVersion = 17.3.32708.82
MinimumVisualStudioVersion = 10.0.40219.1
Project("{FAE04EC0-301F-11D3-BF4B-00C04F79EFBC}") = "NiORM", "NiORM.csproj", "{B55A21E8-23CF-4DE6-AC89-3AB9CAE3E652}"
EndProject
Project("{FAE04EC0-301F-11D3-BF4B-00C04F79EFBC}") = "NiORM.Test", "..\NiORM.Test\NiORM.Test.csproj", "{53809094-DE9E-4DB3-A55B-D966947E41E3}"
EndProject
Global
	GlobalSection(SolutionConfigurationPlatforms) = preSolution
		Debug|Any CPU = Debug|Any CPU
		Release|Any CPU = Release|Any CPU
	EndGlobalSection
	GlobalSection(ProjectConfigurationPlatforms) = postSolution
		{B55A21E8-23CF-4DE6-AC89-3AB9CAE3E652}.Debug|Any CPU.ActiveCfg = Debug|Any CPU
		{B55A21E8-23CF-4DE6-AC89-3AB9CAE3E652}.Debug|Any CPU.Build.0 = Debug|Any CPU
		{B55A21E8-23CF-4DE6-AC89-3AB9CAE3E652}.Release|Any CPU.ActiveCfg = Release|Any CPU
		{B55A21E8-23CF-4DE6-AC89-3AB9CAE3E652}.Release|Any CPU.Build.0 = Release|Any CPU
		{53809094-DE9E-4DB3-A55B-D966947E41E3}.Debug|Any CPU.ActiveCfg = Debug|Any CPU
		{53809094-DE9E-4DB3-A55B-D966947E41E3}.Debug|Any CPU.Build.0 = Debug|Any CPU
		{53809094-DE9E-4DB3-A55B-D966947E41E3}.Release|Any CPU.ActiveCfg = Release|Any CPU
		{53809094-DE9E-4DB3-A55B-D966947E41E3}.Release|Any CPU.Build.0 = Release|Any CPU
	EndGlobalSection
	GlobalSection(SolutionProperties) = preSolution
		HideSolutionNode = FALSE
	EndGlobalSection
	GlobalSection(ExtensibilityGlobals) = postSolution
		SolutionGuid = {FABE18E0-43FE-44CD-A90C-AB0D2E0405E4}
	EndGlobalSection
EndGlobal
